FORGE
  remote: https://forgeapi.puppetlabs.com
  specs:
    arioch-redis (1.2.4)
      puppetlabs-apt (< 3.0.0, >= 2.3.0)
      puppetlabs-stdlib (< 5.0.0, >= 1.0.2)
      stahnma-epel (< 2.0.0, >= 1.0.2)
    echoes-monit (1.1.2)
      puppetlabs-firewall (< 2.0.0, >= 1.7.1)
      puppetlabs-stdlib (< 6.0.0, >= 4.6.0)
    example42-monitor (2.0.4)
      example42-puppi (>= 2.0.0)
    example42-puppi (2.2.1)
    garethr-docker (5.3.0)
      puppetlabs-apt (<= 3.0.0, >= 1.8.0)
      puppetlabs-stdlib (>= 4.1.0)
      stahnma-epel (>= 0.0.6)
    ghoneycutt-common (1.6.0)
      puppetlabs-stdlib (< 6.0.0, >= 4.6.0)
    ghoneycutt-ssh (3.49.0)
      ghoneycutt-common (< 2.0.0, >= 1.4.1)
      puppetlabs-firewall (< 2.0.0, >= 0.2.1)
      puppetlabs-stdlib (< 6.0.0, >= 4.6.0)
    jdowning-rbenv (2.1.0)
      puppetlabs-stdlib (< 5.0.0, >= 4.1.0)
    netmanagers-fail2ban (1.4.0)
      example42-monitor (>= 2.0.0)
      example42-puppi (>= 2.0.0)
      puppetlabs-concat (>= 1.0.0)
      puppetlabs-stdlib (>= 4.1.0)
    puppet-nginx (0.5.0)
      puppetlabs-apt (< 3.0.0, >= 1.8.0)
      puppetlabs-concat (< 3.0.0, >= 1.1.1)
      puppetlabs-stdlib (< 5.0.0, >= 4.2.0)
    puppet-nodejs (2.2.0)
      puppetlabs-stdlib (< 5.0.0, >= 4.1.0)
    puppetlabs-apt (2.3.0)
      puppetlabs-stdlib (< 5.0.0, >= 4.5.0)
    puppetlabs-concat (2.2.0)
      puppetlabs-stdlib (< 5.0.0, >= 4.2.0)
    puppetlabs-firewall (1.8.1)
    puppetlabs-postgresql (4.8.0)
      puppetlabs-apt (< 3.0.0, >= 1.8.0)
      puppetlabs-concat (< 3.0.0, >= 1.1.0)
      puppetlabs-stdlib (~> 4.0)
    puppetlabs-stdlib (4.14.0)
    stahnma-epel (1.2.2)
      puppetlabs-stdlib (>= 3.0.0)

PATH
  remote: ./private_modules/base
  specs:
    gardenbed-base (0.0.1)

PATH
  remote: ./private_modules/base_app
  specs:
    gardenbed-base_app (0.0.1)

PATH
  remote: ./private_modules/base_db
  specs:
    gardenbed-base_db (0.0.1)

PATH
  remote: ./private_modules/base_web
  specs:
    gardenbed-base_web (0.0.1)

PATH
  remote: ./private_modules/s3cmd
  specs:
    gardenbed-s3cmd (0.0.1)

DEPENDENCIES
  arioch-redis (~> 1.2.4)
  echoes-monit (= 1.1.2)
  gardenbed-base (>= 0)
  gardenbed-base_app (>= 0)
  gardenbed-base_db (>= 0)
  gardenbed-base_web (>= 0)
  gardenbed-s3cmd (>= 0)
  garethr-docker (~> 5.3.0)
  ghoneycutt-ssh (~> 3.49.0)
  jdowning-rbenv (~> 2.1.0)
  netmanagers-fail2ban (~> 1.4.0)
  puppet-nginx (~> 0.5.0)
  puppet-nodejs (~> 2.2.0)
  puppetlabs-firewall (~> 1.8.1)
  puppetlabs-postgresql (~> 4.8.0)

