FORGE
  remote: https://forgeapi.puppetlabs.com
  specs:
    alup-rbenv (1.2.0)
    attachmentgenie-ssh (1.5.1)
      puppetlabs-stdlib (< 5.0.0, >= 2.2.1)
    example42-monitor (2.0.3)
      example42-puppi (>= 2.0.0)
    example42-puppi (2.1.11)
    garethr-docker (3.3.2)
      puppetlabs-apt (>= 1.1.0)
      puppetlabs-stdlib (>= 4.1.0)
      stahnma-epel (>= 0.0.6)
    jfryman-nginx (0.2.6)
      puppetlabs-apt (< 2.0.0, >= 1.0.0)
      puppetlabs-concat (< 2.0.0, >= 1.1.1)
      puppetlabs-stdlib (< 5.0.0, >= 4.2.0)
    maestrodev-wget (1.7.0)
    netmanagers-fail2ban (1.4.0)
      example42-monitor (>= 2.0.0)
      example42-puppi (>= 2.0.0)
      puppetlabs-concat (>= 1.0.0)
      puppetlabs-stdlib (>= 4.1.0)
    puppetlabs-apt (1.8.0)
      puppetlabs-stdlib (>= 2.2.1)
    puppetlabs-concat (1.2.2)
      puppetlabs-stdlib (< 5.0.0, >= 3.2.0)
    puppetlabs-firewall (1.6.0)
    puppetlabs-gcc (0.3.0)
      puppetlabs-stdlib (< 5.0.0, >= 2.0.0)
    puppetlabs-nodejs (0.8.0)
      puppetlabs-stdlib (< 5.0.0, >= 2.2.1)
    puppetlabs-postgresql (4.3.0)
      puppetlabs-apt (< 2.0.0, >= 1.8.0)
      puppetlabs-concat (< 2.0.0, >= 1.1.0)
      puppetlabs-stdlib (~> 4.0)
    puppetlabs-stdlib (4.6.0)
    stahnma-epel (1.0.2)
    thomasvandoren-redis (0.10.0)
      maestrodev-wget (>= 1.1.0)
      puppetlabs-gcc (>= 0.0.3)

PATH
  remote: ./private_modules/base
  specs:
    gardenbed-base (0.0.1)

PATH
  remote: ./private_modules/base_app
  specs:
    gardenbed-base_app (0.0.1)

PATH
  remote: ./private_modules/base_db
  specs:
    gardenbed-base_db (0.0.1)

PATH
  remote: ./private_modules/base_web
  specs:
    gardenbed-base_web (0.0.1)

PATH
  remote: ./private_modules/s3cmd
  specs:
    gardenbed-s3cmd (0.0.1)

DEPENDENCIES
  alup-rbenv (~> 1.2.0)
  attachmentgenie-ssh (~> 1.5.1)
  gardenbed-base (>= 0)
  gardenbed-base_app (>= 0)
  gardenbed-base_db (>= 0)
  gardenbed-base_web (>= 0)
  gardenbed-s3cmd (>= 0)
  garethr-docker (~> 3.3.2)
  jfryman-nginx (~> 0.2.2)
  netmanagers-fail2ban (~> 1.4.0)
  puppetlabs-firewall (~> 1.6.0)
  puppetlabs-nodejs (~> 0.8.0)
  puppetlabs-postgresql (~> 4.3.0)
  thomasvandoren-redis (~> 0.10.0)

